// !$*UTF8*$!
{
	archiveVersion = 1;
	classes = {
	};
	objectVersion = 48;
	objects = {

/* Begin PBXBuildFile section */
		0756E1D71FCF6E0C00EE3B37 /* AppDelegate.swift in Sources */ = {isa = PBXBuildFile; fileRef = 0756E1D61FCF6E0C00EE3B37 /* AppDelegate.swift */; };
		0756E1D91FCF6E0C00EE3B37 /* TravelLocationsMapViewController.swift in Sources */ = {isa = PBXBuildFile; fileRef = 0756E1D81FCF6E0C00EE3B37 /* TravelLocationsMapViewController.swift */; };
		0756E1DC1FCF6E0C00EE3B37 /* Main.storyboard in Resources */ = {isa = PBXBuildFile; fileRef = 0756E1DA1FCF6E0C00EE3B37 /* Main.storyboard */; };
		0756E1DE1FCF6E0C00EE3B37 /* Assets.xcassets in Resources */ = {isa = PBXBuildFile; fileRef = 0756E1DD1FCF6E0C00EE3B37 /* Assets.xcassets */; };
		0756E1E11FCF6E0C00EE3B37 /* LaunchScreen.storyboard in Resources */ = {isa = PBXBuildFile; fileRef = 0756E1DF1FCF6E0C00EE3B37 /* LaunchScreen.storyboard */; };
		075AF01F1FD058F40073E137 /* PhotoAlbumController.swift in Sources */ = {isa = PBXBuildFile; fileRef = 075AF01E1FD058F40073E137 /* PhotoAlbumController.swift */; };
/* End PBXBuildFile section */

/* Begin PBXFileReference section */
		0756E1D31FCF6E0C00EE3B37 /* Virtual Tourist.app */ = {isa = PBXFileReference; explicitFileType = wrapper.application; includeInIndex = 0; path = "Virtual Tourist.app"; sourceTree = BUILT_PRODUCTS_DIR; };
		0756E1D61FCF6E0C00EE3B37 /* AppDelegate.swift */ = {isa = PBXFileReference; lastKnownFileType = sourcecode.swift; path = AppDelegate.swift; sourceTree = "<group>"; };
		0756E1D81FCF6E0C00EE3B37 /* TravelLocationsMapViewController.swift */ = {isa = PBXFileReference; lastKnownFileType = sourcecode.swift; path = TravelLocationsMapViewController.swift; sourceTree = "<group>"; };
		0756E1DB1FCF6E0C00EE3B37 /* Base */ = {isa = PBXFileReference; lastKnownFileType = file.storyboard; name = Base; path = Base.lproj/Main.storyboard; sourceTree = "<group>"; };
		0756E1DD1FCF6E0C00EE3B37 /* Assets.xcassets */ = {isa = PBXFileReference; lastKnownFileType = folder.assetcatalog; path = Assets.xcassets; sourceTree = "<group>"; };
		0756E1E01FCF6E0C00EE3B37 /* Base */ = {isa = PBXFileReference; lastKnownFileType = file.storyboard; name = Base; path = Base.lproj/LaunchScreen.storyboard; sourceTree = "<group>"; };
		0756E1E21FCF6E0C00EE3B37 /* Info.plist */ = {isa = PBXFileReference; lastKnownFileType = text.plist.xml; path = Info.plist; sourceTree = "<group>"; };
		075AF01E1FD058F40073E137 /* PhotoAlbumController.swift */ = {isa = PBXFileReference; lastKnownFileType = sourcecode.swift; path = PhotoAlbumController.swift; sourceTree = "<group>"; };
/* End PBXFileReference section */

/* Begin PBXFrameworksBuildPhase section */
		0756E1D01FCF6E0C00EE3B37 /* Frameworks */ = {
			isa = PBXFrameworksBuildPhase;
			buildActionMask = 2147483647;
			files = (
			);
			runOnlyForDeploymentPostprocessing = 0;
		};
/* End PBXFrameworksBuildPhase section */

/* Begin PBXGroup section */
		0756E1CA1FCF6E0C00EE3B37 = {
			isa = PBXGroup;
			children = (
				0756E1D51FCF6E0C00EE3B37 /* Virtual Tourist */,
				0756E1D41FCF6E0C00EE3B37 /* Products */,
			);
			sourceTree = "<group>";
		};
		0756E1D41FCF6E0C00EE3B37 /* Products */ = {
			isa = PBXGroup;
			children = (
				0756E1D31FCF6E0C00EE3B37 /* Virtual Tourist.app */,
			);
			name = Products;
			sourceTree = "<group>";
		};
		0756E1D51FCF6E0C00EE3B37 /* Virtual Tourist */ = {
			isa = PBXGroup;
			children = (
				075AF01D1FD058DB0073E137 /* Controllers */,
				0756E1D61FCF6E0C00EE3B37 /* AppDelegate.swift */,
				0756E1DA1FCF6E0C00EE3B37 /* Main.storyboard */,
				0756E1DD1FCF6E0C00EE3B37 /* Assets.xcassets */,
				0756E1DF1FCF6E0C00EE3B37 /* LaunchScreen.storyboard */,
				0756E1E21FCF6E0C00EE3B37 /* Info.plist */,
			);
			path = "Virtual Tourist";
			sourceTree = "<group>";
		};
		075AF01D1FD058DB0073E137 /* Controllers */ = {
			isa = PBXGroup;
			children = (
				0756E1D81FCF6E0C00EE3B37 /* TravelLocationsMapViewController.swift */,
				075AF01E1FD058F40073E137 /* PhotoAlbumController.swift */,
			);
			path = Controllers;
			sourceTree = "<group>";
		};
/* End PBXGroup section */

/* Begin PBXNativeTarget section */
		0756E1D21FCF6E0C00EE3B37 /* Virtual Tourist */ = {
			isa = PBXNativeTarget;
			buildConfigurationList = 0756E1FB1FCF6E0D00EE3B37 /* Build configuration list for PBXNativeTarget "Virtual Tourist" */;
			buildPhases = (
				0756E1CF1FCF6E0C00EE3B37 /* Sources */,
				0756E1D01FCF6E0C00EE3B37 /* Frameworks */,
				0756E1D11FCF6E0C00EE3B37 /* Resources */,
			);
			buildRules = (
			);
			dependencies = (
			);
			name = "Virtual Tourist";
			productName = "Virtual Tourist";
			productReference = 0756E1D31FCF6E0C00EE3B37 /* Virtual Tourist.app */;
			productType = "com.apple.product-type.application";
		};
/* End PBXNativeTarget section */

/* Begin PBXProject section */
		0756E1CB1FCF6E0C00EE3B37 /* Project object */ = {
			isa = PBXProject;
			attributes = {
				LastSwiftUpdateCheck = 0910;
				LastUpgradeCheck = 0910;
				ORGANIZATIONNAME = Cajuste;
				TargetAttributes = {
					0756E1D21FCF6E0C00EE3B37 = {
						CreatedOnToolsVersion = 9.1;
						ProvisioningStyle = Automatic;
					};
				};
			};
			buildConfigurationList = 0756E1CE1FCF6E0C00EE3B37 /* Build configuration list for PBXProject "Virtual Tourist" */;
			compatibilityVersion = "Xcode 8.0";
			developmentRegion = en;
			hasScannedForEncodings = 0;
			knownRegions = (
				en,
				Base,
			);
			mainGroup = 0756E1CA1FCF6E0C00EE3B37;
			productRefGroup = 0756E1D41FCF6E0C00EE3B37 /* Products */;
			projectDirPath = "";
			projectRoot = "";
			targets = (
				0756E1D21FCF6E0C00EE3B37 /* Virtual Tourist */,
			);
		};
/* End PBXProject section */

/* Begin PBXResourcesBuildPhase section */
		0756E1D11FCF6E0C00EE3B37 /* Resources */ = {
			isa = PBXResourcesBuildPhase;
			buildActionMask = 2147483647;
			files = (
				0756E1E11FCF6E0C00EE3B37 /* LaunchScreen.storyboard in Resources */,
				0756E1DE1FCF6E0C00EE3B37 /* Assets.xcassets in Resources */,
				0756E1DC1FCF6E0C00EE3B37 /* Main.storyboard in Resources */,
			);
			runOnlyForDeploymentPostprocessing = 0;
		};
/* End PBXResourcesBuildPhase section */

/* Begin PBXSourcesBuildPhase section */
		0756E1CF1FCF6E0C00EE3B37 /* Sources */ = {
			isa = PBXSourcesBuildPhase;
			buildActionMask = 2147483647;
			files = (
				0756E1D91FCF6E0C00EE3B37 /* TravelLocationsMapViewController.swift in Sources */,
				0756E1D71FCF6E0C00EE3B37 /* AppDelegate.swift in Sources */,
				075AF01F1FD058F40073E137 /* PhotoAlbumController.swift in Sources */,
			);
			runOnlyForDeploymentPostprocessing = 0;
		};
/* End PBXSourcesBuildPhase section */

/* Begin PBXVariantGroup section */
		0756E1DA1FCF6E0C00EE3B37 /* Main.storyboard */ = {
			isa = PBXVariantGroup;
			children = (
				0756E1DB1FCF6E0C00EE3B37 /* Base */,
			);
			name = Main.storyboard;
			sourceTree = "<group>";
		};
		0756E1DF1FCF6E0C00EE3B37 /* LaunchScreen.storyboard */ = {
			isa = PBXVariantGroup;
			children = (
				0756E1E01FCF6E0C00EE3B37 /* Base */,
			);
			name = LaunchScreen.storyboard;
			sourceTree = "<group>";
		};
/* End PBXVariantGroup section */

/* Begin XCBuildConfiguration section */
		0756E1F91FCF6E0D00EE3B37 /* Debug */ = {
			isa = XCBuildConfiguration;
			buildSettings = {
				ALWAYS_SEARCH_USER_PATHS = NO;
				CLANG_ANALYZER_NONNULL = YES;
				CLANG_ANALYZER_NUMBER_OBJECT_CONVERSION = YES_AGGRESSIVE;
				CLANG_CXX_LANGUAGE_STANDARD = "gnu++14";
				CLANG_CXX_LIBRARY = "libc++";
				CLANG_ENABLE_MODULES = YES;
				CLANG_ENABLE_OBJC_ARC = YES;
				CLANG_WARN_BLOCK_CAPTURE_AUTORELEASING = YES;
				CLANG_WARN_BOOL_CONVERSION = YES;
				CLANG_WARN_COMMA = YES;
				CLANG_WARN_CONSTANT_CONVERSION = YES;
				CLANG_WARN_DIRECT_OBJC_ISA_USAGE = YES_ERROR;
				CLANG_WARN_DOCUMENTATION_COMMENTS = YES;
				CLANG_WARN_EMPTY_BODY = YES;
				CLANG_WARN_ENUM_CONVERSION = YES;
				CLANG_WARN_INFINITE_RECURSION = YES;
				CLANG_WARN_INT_CONVERSION = YES;
				CLANG_WARN_NON_LITERAL_NULL_CONVERSION = YES;
				CLANG_WARN_OBJC_LITERAL_CONVERSION = YES;
				CLANG_WARN_OBJC_ROOT_CLASS = YES_ERROR;
				CLANG_WARN_RANGE_LOOP_ANALYSIS = YES;
				CLANG_WARN_STRICT_PROTOTYPES = YES;
				CLANG_WARN_SUSPICIOUS_MOVE = YES;
				CLANG_WARN_UNGUARDED_AVAILABILITY = YES_AGGRESSIVE;
				CLANG_WARN_UNREACHABLE_CODE = YES;
				CLANG_WARN__DUPLICATE_METHOD_MATCH = YES;
				CODE_SIGN_IDENTITY = "iPhone Developer";
				COPY_PHASE_STRIP = NO;
				DEBUG_INFORMATION_FORMAT = dwarf;
				ENABLE_STRICT_OBJC_MSGSEND = YES;
				ENABLE_TESTABILITY = YES;
				GCC_C_LANGUAGE_STANDARD = gnu11;
				GCC_DYNAMIC_NO_PIC = NO;
				GCC_NO_COMMON_BLOCKS = YES;
				GCC_OPTIMIZATION_LEVEL = 0;
				GCC_PREPROCESSOR_DEFINITIONS = (
					"DEBUG=1",
					"$(inherited)",
				);
				GCC_WARN_64_TO_32_BIT_CONVERSION = YES;
				GCC_WARN_ABOUT_RETURN_TYPE = YES_ERROR;
				GCC_WARN_UNDECLARED_SELECTOR = YES;
				GCC_WARN_UNINITIALIZED_AUTOS = YES_AGGRESSIVE;
				GCC_WARN_UNUSED_FUNCTION = YES;
				GCC_WARN_UNUSED_VARIABLE = YES;
				IPHONEOS_DEPLOYMENT_TARGET = 11.1;
				MTL_ENABLE_DEBUG_INFO = YES;
				ONLY_ACTIVE_ARCH = YES;
				SDKROOT = iphoneos;
				SWIFT_ACTIVE_COMPILATION_CONDITIONS = DEBUG;
				SWIFT_OPTIMIZATION_LEVEL = "-Onone";
			};
			name = Debug;
		};
		0756E1FA1FCF6E0D00EE3B37 /* Release */ = {
			isa = XCBuildConfiguration;
			buildSettings = {
				ALWAYS_SEARCH_USER_PATHS = NO;
				CLANG_ANALYZER_NONNULL = YES;
				CLANG_ANALYZER_NUMBER_OBJECT_CONVERSION = YES_AGGRESSIVE;
				CLANG_CXX_LANGUAGE_STANDARD = "gnu++14";
				CLANG_CXX_LIBRARY = "libc++";
				CLANG_ENABLE_MODULES = YES;
				CLANG_ENABLE_OBJC_ARC = YES;
				CLANG_WARN_BLOCK_CAPTURE_AUTORELEASING = YES;
				CLANG_WARN_BOOL_CONVERSION = YES;
				CLANG_WARN_COMMA = YES;
				CLANG_WARN_CONSTANT_CONVERSION = YES;
				CLANG_WARN_DIRECT_OBJC_ISA_USAGE = YES_ERROR;
				CLANG_WARN_DOCUMENTATION_COMMENTS = YES;
				CLANG_WARN_EMPTY_BODY = YES;
				CLANG_WARN_ENUM_CONVERSION = YES;
				CLANG_WARN_INFINITE_RECURSION = YES;
				CLANG_WARN_INT_CONVERSION = YES;
				CLANG_WARN_NON_LITERAL_NULL_CONVERSION = YES;
				CLANG_WARN_OBJC_LITERAL_CONVERSION = YES;
				CLANG_WARN_OBJC_ROOT_CLASS = YES_ERROR;
				CLANG_WARN_RANGE_LOOP_ANALYSIS = YES;
				CLANG_WARN_STRICT_PROTOTYPES = YES;
				CLANG_WARN_SUSPICIOUS_MOVE = YES;
				CLANG_WARN_UNGUARDED_AVAILABILITY = YES_AGGRESSIVE;
				CLANG_WARN_UNREACHABLE_CODE = YES;
				CLANG_WARN__DUPLICATE_METHOD_MATCH = YES;
				CODE_SIGN_IDENTITY = "iPhone Developer";
				COPY_PHASE_STRIP = NO;
				DEBUG_INFORMATION_FORMAT = "dwarf-with-dsym";
				ENABLE_NS_ASSERTIONS = NO;
				ENABLE_STRICT_OBJC_MSGSEND = YES;
				GCC_C_LANGUAGE_STANDARD = gnu11;
				GCC_NO_COMMON_BLOCKS = YES;
				GCC_WARN_64_TO_32_BIT_CONVERSION = YES;
				GCC_WARN_ABOUT_RETURN_TYPE = YES_ERROR;
				GCC_WARN_UNDECLARED_SELECTOR = YES;
				GCC_WARN_UNINITIALIZED_AUTOS = YES_AGGRESSIVE;
				GCC_WARN_UNUSED_FUNCTION = YES;
				GCC_WARN_UNUSED_VARIABLE = YES;
				IPHONEOS_DEPLOYMENT_TARGET = 11.1;
				MTL_ENABLE_DEBUG_INFO = NO;
				SDKROOT = iphoneos;
				SWIFT_OPTIMIZATION_LEVEL = "-Owholemodule";
				VALIDATE_PRODUCT = YES;
			};
			name = Release;
		};
		0756E1FC1FCF6E0D00EE3B37 /* Debug */ = {
			isa = XCBuildConfiguration;
			buildSettings = {
				ASSETCATALOG_COMPILER_APPICON_NAME = AppIcon;
				CODE_SIGN_STYLE = Automatic;
				INFOPLIST_FILE = "Virtual Tourist/Info.plist";
				LD_RUNPATH_SEARCH_PATHS = "$(inherited) @executable_path/Frameworks";
				PRODUCT_BUNDLE_IDENTIFIER = "com.ericcajuste.Virtual-Tourist";
				PRODUCT_NAME = "$(TARGET_NAME)";
				SWIFT_VERSION = 4.0;
				TARGETED_DEVICE_FAMILY = "1,2";
			};
			name = Debug;
		};
		0756E1FD1FCF6E0D00EE3B37 /* Release */ = {
			isa = XCBuildConfiguration;
			buildSettings = {
				ASSETCATALOG_COMPILER_APPICON_NAME = AppIcon;
				CODE_SIGN_STYLE = Automatic;
				INFOPLIST_FILE = "Virtual Tourist/Info.plist";
				LD_RUNPATH_SEARCH_PATHS = "$(inherited) @executable_path/Frameworks";
				PRODUCT_BUNDLE_IDENTIFIER = "com.ericcajuste.Virtual-Tourist";
				PRODUCT_NAME = "$(TARGET_NAME)";
				SWIFT_VERSION = 4.0;
				TARGETED_DEVICE_FAMILY = "1,2";
			};
			name = Release;
		};
/* End XCBuildConfiguration section */

/* Begin XCConfigurationList section */
		0756E1CE1FCF6E0C00EE3B37 /* Build configuration list for PBXProject "Virtual Tourist" */ = {
			isa = XCConfigurationList;
			buildConfigurations = (
				0756E1F91FCF6E0D00EE3B37 /* Debug */,
				0756E1FA1FCF6E0D00EE3B37 /* Release */,
			);
			defaultConfigurationIsVisible = 0;
			defaultConfigurationName = Release;
		};
		0756E1FB1FCF6E0D00EE3B37 /* Build configuration list for PBXNativeTarget "Virtual Tourist" */ = {
			isa = XCConfigurationList;
			buildConfigurations = (
				0756E1FC1FCF6E0D00EE3B37 /* Debug */,
				0756E1FD1FCF6E0D00EE3B37 /* Release */,
			);
			defaultConfigurationIsVisible = 0;
			defaultConfigurationName = Release;
		};
/* End XCConfigurationList section */
	};
	rootObject = 0756E1CB1FCF6E0C00EE3B37 /* Project object */;
}
